
Microsoft Visual Studio Solution File, Format Version 12.00
# Visual Studio Version 17
VisualStudioVersion = 17.9.34622.214
MinimumVisualStudioVersion = 10.0.40219.1
Project("{FAE04EC0-301F-11D3-BF4B-00C04F79EFBC}") = "MenuExpress", "MenuExpress\MenuExpress.csproj", "{76CB8A8A-E84C-4436-8432-3F87A06EAAFF}"
EndProject
Global
	GlobalSection(SolutionConfigurationPlatforms) = preSolution
		Debug|Any CPU = Debug|Any CPU
		Release|Any CPU = Release|Any CPU
	EndGlobalSection
	GlobalSection(ProjectConfigurationPlatforms) = postSolution
		{76CB8A8A-E84C-4436-8432-3F87A06EAAFF}.Debug|Any CPU.ActiveCfg = Debug|Any CPU
		{76CB8A8A-E84C-4436-8432-3F87A06EAAFF}.Debug|Any CPU.Build.0 = Debug|Any CPU
		{76CB8A8A-E84C-4436-8432-3F87A06EAAFF}.Release|Any CPU.ActiveCfg = Release|Any CPU
		{76CB8A8A-E84C-4436-8432-3F87A06EAAFF}.Release|Any CPU.Build.0 = Release|Any CPU
	EndGlobalSection
	GlobalSection(SolutionProperties) = preSolution
		HideSolutionNode = FALSE
	EndGlobalSection
	GlobalSection(ExtensibilityGlobals) = postSolution
		SolutionGuid = {C82AE9D9-43C0-48A9-AAA1-4C47F1EAE4E2}
	EndGlobalSection
EndGlobal
